
Microsoft Visual Studio Solution File, Format Version 12.00
# Visual Studio Version 16
VisualStudioVersion = 16.0.31624.102
MinimumVisualStudioVersion = 10.0.40219.1
Project("{FAE04EC0-301F-11D3-BF4B-00C04F79EFBC}") = "Listar", "Listar\Listar.csproj", "{FE4BF01D-09DB-4454-977F-3F970DBA5B5E}"
EndProject
Global
	GlobalSection(SolutionConfigurationPlatforms) = preSolution
		Debug|Any CPU = Debug|Any CPU
		Release|Any CPU = Release|Any CPU
	EndGlobalSection
	GlobalSection(ProjectConfigurationPlatforms) = postSolution
		{FE4BF01D-09DB-4454-977F-3F970DBA5B5E}.Debug|Any CPU.ActiveCfg = Debug|Any CPU
		{FE4BF01D-09DB-4454-977F-3F970DBA5B5E}.Debug|Any CPU.Build.0 = Debug|Any CPU
		{FE4BF01D-09DB-4454-977F-3F970DBA5B5E}.Release|Any CPU.ActiveCfg = Release|Any CPU
		{FE4BF01D-09DB-4454-977F-3F970DBA5B5E}.Release|Any CPU.Build.0 = Release|Any CPU
	EndGlobalSection
	GlobalSection(SolutionProperties) = preSolution
		HideSolutionNode = FALSE
	EndGlobalSection
	GlobalSection(ExtensibilityGlobals) = postSolution
		SolutionGuid = {D5E2E2E2-466B-4E80-9734-AD57E64719FE}
	EndGlobalSection
EndGlobal
